# This file is generated by running "yarn install" inside your project.
# Manual changes might be lost - proceed with caution!

__metadata:
  version: 6
  cacheKey: 8

"internal-tool-cron@workspace:.":
  version: 0.0.0-use.local
  resolution: "internal-tool-cron@workspace:."
  dependencies:
    node-cron: latest
  languageName: unknown
  linkType: soft

"node-cron@npm:latest":
  version: 3.0.2
  resolution: "node-cron@npm:3.0.2"
  dependencies:
    uuid: 8.3.2
  checksum: dd21585c0d4069a0752022dad9b8380a4393c4783ec78355ffa99ff32b018c3743a35d4ebf9d7c7863949e94e302b440f58c884eb4960e71c7260d817e2d3f25
  languageName: node
  linkType: hard

"uuid@npm:8.3.2":
  version: 8.3.2
  resolution: "uuid@npm:8.3.2"
  bin:
    uuid: dist/bin/uuid
  checksum: 5575a8a75c13120e2f10e6ddc801b2c7ed7d8f3c8ac22c7ed0c7b2ba6383ec0abda88c905085d630e251719e0777045ae3236f04c812184b7c765f63a70e58df
  languageName: node
  linkType: hard
